
Microsoft Visual Studio Solution File, Format Version 12.00
# Visual Studio Version 16
VisualStudioVersion = 16.0.31321.278
MinimumVisualStudioVersion = 10.0.40219.1
Project("{FAE04EC0-301F-11D3-BF4B-00C04F79EFBC}") = "API.LUX", "API.LUX\API.LUX.csproj", "{D41E2DCD-C30D-4F7B-948D-ECA017331053}"
EndProject
Project("{FAE04EC0-301F-11D3-BF4B-00C04F79EFBC}") = "Domain.LUX", "Domain.LUX\Domain.LUX.csproj", "{E9979D6A-175C-4D54-AE68-70497EEA834D}"
EndProject
Project("{FAE04EC0-301F-11D3-BF4B-00C04F79EFBC}") = "Infra.LUX", "Infra.LUX\Infra.LUX.csproj", "{1FDB498E-694D-40AA-9294-6718D755BEC2}"
EndProject
Global
	GlobalSection(SolutionConfigurationPlatforms) = preSolution
		Debug|Any CPU = Debug|Any CPU
		Release|Any CPU = Release|Any CPU
	EndGlobalSection
	GlobalSection(ProjectConfigurationPlatforms) = postSolution
		{D41E2DCD-C30D-4F7B-948D-ECA017331053}.Debug|Any CPU.ActiveCfg = Debug|Any CPU
		{D41E2DCD-C30D-4F7B-948D-ECA017331053}.Debug|Any CPU.Build.0 = Debug|Any CPU
		{D41E2DCD-C30D-4F7B-948D-ECA017331053}.Release|Any CPU.ActiveCfg = Release|Any CPU
		{D41E2DCD-C30D-4F7B-948D-ECA017331053}.Release|Any CPU.Build.0 = Release|Any CPU
		{E9979D6A-175C-4D54-AE68-70497EEA834D}.Debug|Any CPU.ActiveCfg = Debug|Any CPU
		{E9979D6A-175C-4D54-AE68-70497EEA834D}.Debug|Any CPU.Build.0 = Debug|Any CPU
		{E9979D6A-175C-4D54-AE68-70497EEA834D}.Release|Any CPU.ActiveCfg = Release|Any CPU
		{E9979D6A-175C-4D54-AE68-70497EEA834D}.Release|Any CPU.Build.0 = Release|Any CPU
		{1FDB498E-694D-40AA-9294-6718D755BEC2}.Debug|Any CPU.ActiveCfg = Debug|Any CPU
		{1FDB498E-694D-40AA-9294-6718D755BEC2}.Debug|Any CPU.Build.0 = Debug|Any CPU
		{1FDB498E-694D-40AA-9294-6718D755BEC2}.Release|Any CPU.ActiveCfg = Release|Any CPU
		{1FDB498E-694D-40AA-9294-6718D755BEC2}.Release|Any CPU.Build.0 = Release|Any CPU
	EndGlobalSection
	GlobalSection(SolutionProperties) = preSolution
		HideSolutionNode = FALSE
	EndGlobalSection
	GlobalSection(ExtensibilityGlobals) = postSolution
		SolutionGuid = {F767DA52-8B7B-4AD1-83A5-EDE6339D6F97}
	EndGlobalSection
EndGlobal
